
Microsoft Visual Studio Solution File, Format Version 12.00
# Visual Studio 15
VisualStudioVersion = 15.0.27004.2009
MinimumVisualStudioVersion = 10.0.40219.1
Project("{FAE04EC0-301F-11D3-BF4B-00C04F79EFBC}") = "MusicPlayer", "MusicPlayer\MusicPlayer.csproj", "{ECA191D8-A68D-438C-A94A-5958D7D83834}"
EndProject
Global
	GlobalSection(SolutionConfigurationPlatforms) = preSolution
		Debug|Any CPU = Debug|Any CPU
		Release|Any CPU = Release|Any CPU
	EndGlobalSection
	GlobalSection(ProjectConfigurationPlatforms) = postSolution
		{ECA191D8-A68D-438C-A94A-5958D7D83834}.Debug|Any CPU.ActiveCfg = Debug|Any CPU
		{ECA191D8-A68D-438C-A94A-5958D7D83834}.Debug|Any CPU.Build.0 = Debug|Any CPU
		{ECA191D8-A68D-438C-A94A-5958D7D83834}.Release|Any CPU.ActiveCfg = Release|Any CPU
		{ECA191D8-A68D-438C-A94A-5958D7D83834}.Release|Any CPU.Build.0 = Release|Any CPU
	EndGlobalSection
	GlobalSection(SolutionProperties) = preSolution
		HideSolutionNode = FALSE
	EndGlobalSection
	GlobalSection(ExtensibilityGlobals) = postSolution
		SolutionGuid = {307D87C1-2171-4CFB-AB6D-8359B5DF6B36}
	EndGlobalSection
EndGlobal
